// !$*UTF8*$!
{
	archiveVersion = 1;
	classes = {
	};
	objectVersion = 56;
	objects = {

/* Begin PBXBuildFile section */
		302C4FF02C300BEF006BBC95 /* TrainingCellView.swift in Sources */ = {isa = PBXBuildFile; fileRef = 302C4FEF2C300BEF006BBC95 /* TrainingCellView.swift */; };
		302C4FF22C30110C006BBC95 /* Enums.swift in Sources */ = {isa = PBXBuildFile; fileRef = 302C4FF12C30110C006BBC95 /* Enums.swift */; };
		302C4FF42C30191A006BBC95 /* DropdownPikerView.swift in Sources */ = {isa = PBXBuildFile; fileRef = 302C4FF32C30191A006BBC95 /* DropdownPikerView.swift */; };
		302C4FF62C303177006BBC95 /* CustomTextFieldView.swift in Sources */ = {isa = PBXBuildFile; fileRef = 302C4FF52C303177006BBC95 /* CustomTextFieldView.swift */; };
		302C4FF82C3032FE006BBC95 /* AddbuttomView.swift in Sources */ = {isa = PBXBuildFile; fileRef = 302C4FF72C3032FE006BBC95 /* AddbuttomView.swift */; };
		302C4FFA2C3033DF006BBC95 /* AddGoalView.swift in Sources */ = {isa = PBXBuildFile; fileRef = 302C4FF92C3033DE006BBC95 /* AddGoalView.swift */; };
		3099A9B82C2DEBFE008BC7AC /* AppDelegate.swift in Sources */ = {isa = PBXBuildFile; fileRef = 3099A9B72C2DEBFE008BC7AC /* AppDelegate.swift */; };
		3099A9BA2C2DEBFE008BC7AC /* SceneDelegate.swift in Sources */ = {isa = PBXBuildFile; fileRef = 3099A9B92C2DEBFE008BC7AC /* SceneDelegate.swift */; };
		3099A9BC2C2DEBFE008BC7AC /* ViewController.swift in Sources */ = {isa = PBXBuildFile; fileRef = 3099A9BB2C2DEBFE008BC7AC /* ViewController.swift */; };
		3099A9BF2C2DEBFE008BC7AC /* Base in Resources */ = {isa = PBXBuildFile; fileRef = 3099A9BE2C2DEBFE008BC7AC /* Base */; };
		3099A9C12C2DEBFF008BC7AC /* Assets.xcassets in Resources */ = {isa = PBXBuildFile; fileRef = 3099A9C02C2DEBFF008BC7AC /* Assets.xcassets */; };
		3099A9C42C2DEBFF008BC7AC /* Base in Resources */ = {isa = PBXBuildFile; fileRef = 3099A9C32C2DEBFF008BC7AC /* Base */; };
		3099A9CD2C2DEC44008BC7AC /* MainView.swift in Sources */ = {isa = PBXBuildFile; fileRef = 3099A9CC2C2DEC44008BC7AC /* MainView.swift */; };
		3099A9D02C2DEDE0008BC7AC /* MainToolbarView.swift in Sources */ = {isa = PBXBuildFile; fileRef = 3099A9CF2C2DEDE0008BC7AC /* MainToolbarView.swift */; };
		3099A9D22C2DF26A008BC7AC /* SwitchView.swift in Sources */ = {isa = PBXBuildFile; fileRef = 3099A9D12C2DF26A008BC7AC /* SwitchView.swift */; };
		3099A9D42C2DF5C5008BC7AC /* GoalsView.swift in Sources */ = {isa = PBXBuildFile; fileRef = 3099A9D32C2DF5C5008BC7AC /* GoalsView.swift */; };
		3099A9D72C2ED667008BC7AC /* ProgresBarView.swift in Sources */ = {isa = PBXBuildFile; fileRef = 3099A9D62C2ED667008BC7AC /* ProgresBarView.swift */; };
		3099A9DA2C2EDCB0008BC7AC /* ViewModel.swift in Sources */ = {isa = PBXBuildFile; fileRef = 3099A9D92C2EDCB0008BC7AC /* ViewModel.swift */; };
		3099A9DC2C2EDDF9008BC7AC /* TrainingsView.swift in Sources */ = {isa = PBXBuildFile; fileRef = 3099A9DB2C2EDDF9008BC7AC /* TrainingsView.swift */; };
		3099A9DE2C2EDE0D008BC7AC /* CompletedlsView.swift in Sources */ = {isa = PBXBuildFile; fileRef = 3099A9DD2C2EDE0D008BC7AC /* CompletedlsView.swift */; };
		3099A9E02C2EDFB2008BC7AC /* WaterGoalView.swift in Sources */ = {isa = PBXBuildFile; fileRef = 3099A9DF2C2EDFB2008BC7AC /* WaterGoalView.swift */; };
		3099A9E22C2EE0D4008BC7AC /* StepGoalView.swift in Sources */ = {isa = PBXBuildFile; fileRef = 3099A9E12C2EE0D4008BC7AC /* StepGoalView.swift */; };
		3099A9E52C2EE1E6008BC7AC /* CoreDataManager.swift in Sources */ = {isa = PBXBuildFile; fileRef = 3099A9E42C2EE1E6008BC7AC /* CoreDataManager.swift */; };
		3099A9E82C2EE21A008BC7AC /* CorrectLife.xcdatamodeld in Sources */ = {isa = PBXBuildFile; fileRef = 3099A9E62C2EE21A008BC7AC /* CorrectLife.xcdatamodeld */; };
		3099A9EA2C2EEAFA008BC7AC /* AddTrainingView.swift in Sources */ = {isa = PBXBuildFile; fileRef = 3099A9E92C2EEAFA008BC7AC /* AddTrainingView.swift */; };
		30A832852C31925400E69EE5 /* PickerGoalView.swift in Sources */ = {isa = PBXBuildFile; fileRef = 30A832842C31925400E69EE5 /* PickerGoalView.swift */; };
		30A832872C31985A00E69EE5 /* SwiftUISlider.swift in Sources */ = {isa = PBXBuildFile; fileRef = 30A832862C31985A00E69EE5 /* SwiftUISlider.swift */; };
		30A832892C31DC3600E69EE5 /* SettingsButtonView.swift in Sources */ = {isa = PBXBuildFile; fileRef = 30A832882C31DC3600E69EE5 /* SettingsButtonView.swift */; };
		30A8328B2C31DCD000E69EE5 /* SettingsView.swift in Sources */ = {isa = PBXBuildFile; fileRef = 30A8328A2C31DCD000E69EE5 /* SettingsView.swift */; };
		30A8328F2C31DDB000E69EE5 /* webView.swift in Sources */ = {isa = PBXBuildFile; fileRef = 30A8328C2C31DDB000E69EE5 /* webView.swift */; };
		30A832902C31DDB000E69EE5 /* WebViewPage.swift in Sources */ = {isa = PBXBuildFile; fileRef = 30A8328D2C31DDB000E69EE5 /* WebViewPage.swift */; };
/* End PBXBuildFile section */

/* Begin PBXFileReference section */
		302C4FEF2C300BEF006BBC95 /* TrainingCellView.swift */ = {isa = PBXFileReference; lastKnownFileType = sourcecode.swift; path = TrainingCellView.swift; sourceTree = "<group>"; };
		302C4FF12C30110C006BBC95 /* Enums.swift */ = {isa = PBXFileReference; lastKnownFileType = sourcecode.swift; path = Enums.swift; sourceTree = "<group>"; };
		302C4FF32C30191A006BBC95 /* DropdownPikerView.swift */ = {isa = PBXFileReference; lastKnownFileType = sourcecode.swift; path = DropdownPikerView.swift; sourceTree = "<group>"; };
		302C4FF52C303177006BBC95 /* CustomTextFieldView.swift */ = {isa = PBXFileReference; fileEncoding = 4; lastKnownFileType = sourcecode.swift; path = CustomTextFieldView.swift; sourceTree = "<group>"; };
		302C4FF72C3032FE006BBC95 /* AddbuttomView.swift */ = {isa = PBXFileReference; lastKnownFileType = sourcecode.swift; path = AddbuttomView.swift; sourceTree = "<group>"; };
		302C4FF92C3033DE006BBC95 /* AddGoalView.swift */ = {isa = PBXFileReference; lastKnownFileType = sourcecode.swift; path = AddGoalView.swift; sourceTree = "<group>"; };
		3099A9B42C2DEBFE008BC7AC /* CorrectLifestyle.app */ = {isa = PBXFileReference; explicitFileType = wrapper.application; includeInIndex = 0; path = CorrectLifestyle.app; sourceTree = BUILT_PRODUCTS_DIR; };
		3099A9B72C2DEBFE008BC7AC /* AppDelegate.swift */ = {isa = PBXFileReference; lastKnownFileType = sourcecode.swift; path = AppDelegate.swift; sourceTree = "<group>"; };
		3099A9B92C2DEBFE008BC7AC /* SceneDelegate.swift */ = {isa = PBXFileReference; lastKnownFileType = sourcecode.swift; path = SceneDelegate.swift; sourceTree = "<group>"; };
		3099A9BB2C2DEBFE008BC7AC /* ViewController.swift */ = {isa = PBXFileReference; lastKnownFileType = sourcecode.swift; path = ViewController.swift; sourceTree = "<group>"; };
		3099A9BE2C2DEBFE008BC7AC /* Base */ = {isa = PBXFileReference; lastKnownFileType = file.storyboard; name = Base; path = Base.lproj/Main.storyboard; sourceTree = "<group>"; };
		3099A9C02C2DEBFF008BC7AC /* Assets.xcassets */ = {isa = PBXFileReference; lastKnownFileType = folder.assetcatalog; path = Assets.xcassets; sourceTree = "<group>"; };
		3099A9C32C2DEBFF008BC7AC /* Base */ = {isa = PBXFileReference; lastKnownFileType = file.storyboard; name = Base; path = Base.lproj/LaunchScreen.storyboard; sourceTree = "<group>"; };
		3099A9C52C2DEBFF008BC7AC /* Info.plist */ = {isa = PBXFileReference; lastKnownFileType = text.plist.xml; path = Info.plist; sourceTree = "<group>"; };
		3099A9CC2C2DEC44008BC7AC /* MainView.swift */ = {isa = PBXFileReference; lastKnownFileType = sourcecode.swift; path = MainView.swift; sourceTree = "<group>"; };
		3099A9CF2C2DEDE0008BC7AC /* MainToolbarView.swift */ = {isa = PBXFileReference; lastKnownFileType = sourcecode.swift; path = MainToolbarView.swift; sourceTree = "<group>"; };
		3099A9D12C2DF26A008BC7AC /* SwitchView.swift */ = {isa = PBXFileReference; lastKnownFileType = sourcecode.swift; path = SwitchView.swift; sourceTree = "<group>"; };
		3099A9D32C2DF5C5008BC7AC /* GoalsView.swift */ = {isa = PBXFileReference; lastKnownFileType = sourcecode.swift; path = GoalsView.swift; sourceTree = "<group>"; };
		3099A9D62C2ED667008BC7AC /* ProgresBarView.swift */ = {isa = PBXFileReference; lastKnownFileType = sourcecode.swift; path = ProgresBarView.swift; sourceTree = "<group>"; };
		3099A9D92C2EDCB0008BC7AC /* ViewModel.swift */ = {isa = PBXFileReference; lastKnownFileType = sourcecode.swift; path = ViewModel.swift; sourceTree = "<group>"; };
		3099A9DB2C2EDDF9008BC7AC /* TrainingsView.swift */ = {isa = PBXFileReference; lastKnownFileType = sourcecode.swift; path = TrainingsView.swift; sourceTree = "<group>"; };
		3099A9DD2C2EDE0D008BC7AC /* CompletedlsView.swift */ = {isa = PBXFileReference; lastKnownFileType = sourcecode.swift; path = CompletedlsView.swift; sourceTree = "<group>"; };
		3099A9DF2C2EDFB2008BC7AC /* WaterGoalView.swift */ = {isa = PBXFileReference; lastKnownFileType = sourcecode.swift; path = WaterGoalView.swift; sourceTree = "<group>"; };
		3099A9E12C2EE0D4008BC7AC /* StepGoalView.swift */ = {isa = PBXFileReference; lastKnownFileType = sourcecode.swift; path = StepGoalView.swift; sourceTree = "<group>"; };
		3099A9E42C2EE1E6008BC7AC /* CoreDataManager.swift */ = {isa = PBXFileReference; fileEncoding = 4; lastKnownFileType = sourcecode.swift; path = CoreDataManager.swift; sourceTree = "<group>"; };
		3099A9E72C2EE21A008BC7AC /* CorrectLife.xcdatamodel */ = {isa = PBXFileReference; lastKnownFileType = wrapper.xcdatamodel; path = CorrectLife.xcdatamodel; sourceTree = "<group>"; };
		3099A9E92C2EEAFA008BC7AC /* AddTrainingView.swift */ = {isa = PBXFileReference; lastKnownFileType = sourcecode.swift; path = AddTrainingView.swift; sourceTree = "<group>"; };
		30A832842C31925400E69EE5 /* PickerGoalView.swift */ = {isa = PBXFileReference; lastKnownFileType = sourcecode.swift; path = PickerGoalView.swift; sourceTree = "<group>"; };
		30A832862C31985A00E69EE5 /* SwiftUISlider.swift */ = {isa = PBXFileReference; fileEncoding = 4; lastKnownFileType = sourcecode.swift; path = SwiftUISlider.swift; sourceTree = "<group>"; };
		30A832882C31DC3600E69EE5 /* SettingsButtonView.swift */ = {isa = PBXFileReference; lastKnownFileType = sourcecode.swift; path = SettingsButtonView.swift; sourceTree = "<group>"; };
		30A8328A2C31DCD000E69EE5 /* SettingsView.swift */ = {isa = PBXFileReference; lastKnownFileType = sourcecode.swift; path = SettingsView.swift; sourceTree = "<group>"; };
		30A8328C2C31DDB000E69EE5 /* webView.swift */ = {isa = PBXFileReference; fileEncoding = 4; lastKnownFileType = sourcecode.swift; path = webView.swift; sourceTree = "<group>"; };
		30A8328D2C31DDB000E69EE5 /* WebViewPage.swift */ = {isa = PBXFileReference; fileEncoding = 4; lastKnownFileType = sourcecode.swift; path = WebViewPage.swift; sourceTree = "<group>"; };
/* End PBXFileReference section */

/* Begin PBXFrameworksBuildPhase section */
		3099A9B12C2DEBFE008BC7AC /* Frameworks */ = {
			isa = PBXFrameworksBuildPhase;
			buildActionMask = 2147483647;
			files = (
			);
			runOnlyForDeploymentPostprocessing = 0;
		};
/* End PBXFrameworksBuildPhase section */

/* Begin PBXGroup section */
		3099A9AB2C2DEBFE008BC7AC = {
			isa = PBXGroup;
			children = (
				3099A9B62C2DEBFE008BC7AC /* CorrectLifestyle */,
				3099A9B52C2DEBFE008BC7AC /* Products */,
			);
			sourceTree = "<group>";
		};
		3099A9B52C2DEBFE008BC7AC /* Products */ = {
			isa = PBXGroup;
			children = (
				3099A9B42C2DEBFE008BC7AC /* CorrectLifestyle.app */,
			);
			name = Products;
			sourceTree = "<group>";
		};
		3099A9B62C2DEBFE008BC7AC /* CorrectLifestyle */ = {
			isa = PBXGroup;
			children = (
				30A832912C31F4DE00E69EE5 /* Cells */,
				30A8328E2C31DDB000E69EE5 /* WebView */,
				3099A9E32C2EE1D1008BC7AC /* CoreData */,
				3099A9D82C2EDC9B008BC7AC /* ViewModel */,
				3099A9CE2C2DEDC0008BC7AC /* Helpers */,
				3099A9CB2C2DEC23008BC7AC /* View */,
				3099A9B72C2DEBFE008BC7AC /* AppDelegate.swift */,
				3099A9B92C2DEBFE008BC7AC /* SceneDelegate.swift */,
				3099A9BB2C2DEBFE008BC7AC /* ViewController.swift */,
				3099A9BD2C2DEBFE008BC7AC /* Main.storyboard */,
				3099A9C02C2DEBFF008BC7AC /* Assets.xcassets */,
				3099A9C22C2DEBFF008BC7AC /* LaunchScreen.storyboard */,
				3099A9C52C2DEBFF008BC7AC /* Info.plist */,
			);
			path = CorrectLifestyle;
			sourceTree = "<group>";
		};
		3099A9CB2C2DEC23008BC7AC /* View */ = {
			isa = PBXGroup;
			children = (
				3099A9CC2C2DEC44008BC7AC /* MainView.swift */,
				3099A9D32C2DF5C5008BC7AC /* GoalsView.swift */,
				3099A9DB2C2EDDF9008BC7AC /* TrainingsView.swift */,
				3099A9DD2C2EDE0D008BC7AC /* CompletedlsView.swift */,
				3099A9E92C2EEAFA008BC7AC /* AddTrainingView.swift */,
				302C4FF92C3033DE006BBC95 /* AddGoalView.swift */,
				30A8328A2C31DCD000E69EE5 /* SettingsView.swift */,
			);
			path = View;
			sourceTree = "<group>";
		};
		3099A9CE2C2DEDC0008BC7AC /* Helpers */ = {
			isa = PBXGroup;
			children = (
				30A832862C31985A00E69EE5 /* SwiftUISlider.swift */,
				302C4FF52C303177006BBC95 /* CustomTextFieldView.swift */,
				3099A9CF2C2DEDE0008BC7AC /* MainToolbarView.swift */,
				3099A9D12C2DF26A008BC7AC /* SwitchView.swift */,
				3099A9D62C2ED667008BC7AC /* ProgresBarView.swift */,
				302C4FF32C30191A006BBC95 /* DropdownPikerView.swift */,
				302C4FF72C3032FE006BBC95 /* AddbuttomView.swift */,
				30A832842C31925400E69EE5 /* PickerGoalView.swift */,
				30A832882C31DC3600E69EE5 /* SettingsButtonView.swift */,
			);
			path = Helpers;
			sourceTree = "<group>";
		};
		3099A9D82C2EDC9B008BC7AC /* ViewModel */ = {
			isa = PBXGroup;
			children = (
				3099A9D92C2EDCB0008BC7AC /* ViewModel.swift */,
				302C4FF12C30110C006BBC95 /* Enums.swift */,
			);
			path = ViewModel;
			sourceTree = "<group>";
		};
		3099A9E32C2EE1D1008BC7AC /* CoreData */ = {
			isa = PBXGroup;
			children = (
				3099A9E42C2EE1E6008BC7AC /* CoreDataManager.swift */,
				3099A9E62C2EE21A008BC7AC /* CorrectLife.xcdatamodeld */,
			);
			path = CoreData;
			sourceTree = "<group>";
		};
		30A8328E2C31DDB000E69EE5 /* WebView */ = {
			isa = PBXGroup;
			children = (
				30A8328C2C31DDB000E69EE5 /* webView.swift */,
				30A8328D2C31DDB000E69EE5 /* WebViewPage.swift */,
			);
			path = WebView;
			sourceTree = "<group>";
		};
		30A832912C31F4DE00E69EE5 /* Cells */ = {
			isa = PBXGroup;
			children = (
				302C4FEF2C300BEF006BBC95 /* TrainingCellView.swift */,
				3099A9E12C2EE0D4008BC7AC /* StepGoalView.swift */,
				3099A9DF2C2EDFB2008BC7AC /* WaterGoalView.swift */,
			);
			path = Cells;
			sourceTree = "<group>";
		};
/* End PBXGroup section */

/* Begin PBXNativeTarget section */
		3099A9B32C2DEBFE008BC7AC /* CorrectLifestyle */ = {
			isa = PBXNativeTarget;
			buildConfigurationList = 3099A9C82C2DEBFF008BC7AC /* Build configuration list for PBXNativeTarget "CorrectLifestyle" */;
			buildPhases = (
				3099A9B02C2DEBFE008BC7AC /* Sources */,
				3099A9B12C2DEBFE008BC7AC /* Frameworks */,
				3099A9B22C2DEBFE008BC7AC /* Resources */,
			);
			buildRules = (
			);
			dependencies = (
			);
			name = CorrectLifestyle;
			productName = CorrectLifestyle;
			productReference = 3099A9B42C2DEBFE008BC7AC /* CorrectLifestyle.app */;
			productType = "com.apple.product-type.application";
		};
/* End PBXNativeTarget section */

/* Begin PBXProject section */
		3099A9AC2C2DEBFE008BC7AC /* Project object */ = {
			isa = PBXProject;
			attributes = {
				BuildIndependentTargetsInParallel = 1;
				LastSwiftUpdateCheck = 1530;
				LastUpgradeCheck = 1530;
				TargetAttributes = {
					3099A9B32C2DEBFE008BC7AC = {
						CreatedOnToolsVersion = 15.3;
					};
				};
			};
			buildConfigurationList = 3099A9AF2C2DEBFE008BC7AC /* Build configuration list for PBXProject "CorrectLifestyle" */;
			compatibilityVersion = "Xcode 14.0";
			developmentRegion = en;
			hasScannedForEncodings = 0;
			knownRegions = (
				en,
				Base,
			);
			mainGroup = 3099A9AB2C2DEBFE008BC7AC;
			productRefGroup = 3099A9B52C2DEBFE008BC7AC /* Products */;
			projectDirPath = "";
			projectRoot = "";
			targets = (
				3099A9B32C2DEBFE008BC7AC /* CorrectLifestyle */,
			);
		};
/* End PBXProject section */

/* Begin PBXResourcesBuildPhase section */
		3099A9B22C2DEBFE008BC7AC /* Resources */ = {
			isa = PBXResourcesBuildPhase;
			buildActionMask = 2147483647;
			files = (
				3099A9C12C2DEBFF008BC7AC /* Assets.xcassets in Resources */,
				3099A9C42C2DEBFF008BC7AC /* Base in Resources */,
				3099A9BF2C2DEBFE008BC7AC /* Base in Resources */,
			);
			runOnlyForDeploymentPostprocessing = 0;
		};
/* End PBXResourcesBuildPhase section */

/* Begin PBXSourcesBuildPhase section */
		3099A9B02C2DEBFE008BC7AC /* Sources */ = {
			isa = PBXSourcesBuildPhase;
			buildActionMask = 2147483647;
			files = (
				3099A9BC2C2DEBFE008BC7AC /* ViewController.swift in Sources */,
				3099A9DE2C2EDE0D008BC7AC /* CompletedlsView.swift in Sources */,
				30A832902C31DDB000E69EE5 /* WebViewPage.swift in Sources */,
				3099A9E82C2EE21A008BC7AC /* CorrectLife.xcdatamodeld in Sources */,
				302C4FF62C303177006BBC95 /* CustomTextFieldView.swift in Sources */,
				3099A9EA2C2EEAFA008BC7AC /* AddTrainingView.swift in Sources */,
				302C4FF42C30191A006BBC95 /* DropdownPikerView.swift in Sources */,
				3099A9DA2C2EDCB0008BC7AC /* ViewModel.swift in Sources */,
				3099A9DC2C2EDDF9008BC7AC /* TrainingsView.swift in Sources */,
				3099A9D72C2ED667008BC7AC /* ProgresBarView.swift in Sources */,
				302C4FFA2C3033DF006BBC95 /* AddGoalView.swift in Sources */,
				30A832892C31DC3600E69EE5 /* SettingsButtonView.swift in Sources */,
				3099A9CD2C2DEC44008BC7AC /* MainView.swift in Sources */,
				3099A9D22C2DF26A008BC7AC /* SwitchView.swift in Sources */,
				3099A9E02C2EDFB2008BC7AC /* WaterGoalView.swift in Sources */,
				302C4FF02C300BEF006BBC95 /* TrainingCellView.swift in Sources */,
				3099A9B82C2DEBFE008BC7AC /* AppDelegate.swift in Sources */,
				3099A9D42C2DF5C5008BC7AC /* GoalsView.swift in Sources */,
				30A832852C31925400E69EE5 /* PickerGoalView.swift in Sources */,
				302C4FF82C3032FE006BBC95 /* AddbuttomView.swift in Sources */,
				30A8328F2C31DDB000E69EE5 /* webView.swift in Sources */,
				3099A9D02C2DEDE0008BC7AC /* MainToolbarView.swift in Sources */,
				3099A9E22C2EE0D4008BC7AC /* StepGoalView.swift in Sources */,
				30A832872C31985A00E69EE5 /* SwiftUISlider.swift in Sources */,
				3099A9E52C2EE1E6008BC7AC /* CoreDataManager.swift in Sources */,
				302C4FF22C30110C006BBC95 /* Enums.swift in Sources */,
				3099A9BA2C2DEBFE008BC7AC /* SceneDelegate.swift in Sources */,
				30A8328B2C31DCD000E69EE5 /* SettingsView.swift in Sources */,
			);
			runOnlyForDeploymentPostprocessing = 0;
		};
/* End PBXSourcesBuildPhase section */

/* Begin PBXVariantGroup section */
		3099A9BD2C2DEBFE008BC7AC /* Main.storyboard */ = {
			isa = PBXVariantGroup;
			children = (
				3099A9BE2C2DEBFE008BC7AC /* Base */,
			);
			name = Main.storyboard;
			sourceTree = "<group>";
		};
		3099A9C22C2DEBFF008BC7AC /* LaunchScreen.storyboard */ = {
			isa = PBXVariantGroup;
			children = (
				3099A9C32C2DEBFF008BC7AC /* Base */,
			);
			name = LaunchScreen.storyboard;
			sourceTree = "<group>";
		};
/* End PBXVariantGroup section */

/* Begin XCBuildConfiguration section */
		3099A9C62C2DEBFF008BC7AC /* Debug */ = {
			isa = XCBuildConfiguration;
			buildSettings = {
				ALWAYS_SEARCH_USER_PATHS = NO;
				ASSETCATALOG_COMPILER_GENERATE_SWIFT_ASSET_SYMBOL_EXTENSIONS = YES;
				CLANG_ANALYZER_NONNULL = YES;
				CLANG_ANALYZER_NUMBER_OBJECT_CONVERSION = YES_AGGRESSIVE;
				CLANG_CXX_LANGUAGE_STANDARD = "gnu++20";
				CLANG_ENABLE_MODULES = YES;
				CLANG_ENABLE_OBJC_ARC = YES;
				CLANG_ENABLE_OBJC_WEAK = YES;
				CLANG_WARN_BLOCK_CAPTURE_AUTORELEASING = YES;
				CLANG_WARN_BOOL_CONVERSION = YES;
				CLANG_WARN_COMMA = YES;
				CLANG_WARN_CONSTANT_CONVERSION = YES;
				CLANG_WARN_DEPRECATED_OBJC_IMPLEMENTATIONS = YES;
				CLANG_WARN_DIRECT_OBJC_ISA_USAGE = YES_ERROR;
				CLANG_WARN_DOCUMENTATION_COMMENTS = YES;
				CLANG_WARN_EMPTY_BODY = YES;
				CLANG_WARN_ENUM_CONVERSION = YES;
				CLANG_WARN_INFINITE_RECURSION = YES;
				CLANG_WARN_INT_CONVERSION = YES;
				CLANG_WARN_NON_LITERAL_NULL_CONVERSION = YES;
				CLANG_WARN_OBJC_IMPLICIT_RETAIN_SELF = YES;
				CLANG_WARN_OBJC_LITERAL_CONVERSION = YES;
				CLANG_WARN_OBJC_ROOT_CLASS = YES_ERROR;
				CLANG_WARN_QUOTED_INCLUDE_IN_FRAMEWORK_HEADER = YES;
				CLANG_WARN_RANGE_LOOP_ANALYSIS = YES;
				CLANG_WARN_STRICT_PROTOTYPES = YES;
				CLANG_WARN_SUSPICIOUS_MOVE = YES;
				CLANG_WARN_UNGUARDED_AVAILABILITY = YES_AGGRESSIVE;
				CLANG_WARN_UNREACHABLE_CODE = YES;
				CLANG_WARN__DUPLICATE_METHOD_MATCH = YES;
				COPY_PHASE_STRIP = NO;
				DEBUG_INFORMATION_FORMAT = dwarf;
				ENABLE_STRICT_OBJC_MSGSEND = YES;
				ENABLE_TESTABILITY = YES;
				ENABLE_USER_SCRIPT_SANDBOXING = YES;
				GCC_C_LANGUAGE_STANDARD = gnu17;
				GCC_DYNAMIC_NO_PIC = NO;
				GCC_NO_COMMON_BLOCKS = YES;
				GCC_OPTIMIZATION_LEVEL = 0;
				GCC_PREPROCESSOR_DEFINITIONS = (
					"DEBUG=1",
					"$(inherited)",
				);
				GCC_WARN_64_TO_32_BIT_CONVERSION = YES;
				GCC_WARN_ABOUT_RETURN_TYPE = YES_ERROR;
				GCC_WARN_UNDECLARED_SELECTOR = YES;
				GCC_WARN_UNINITIALIZED_AUTOS = YES_AGGRESSIVE;
				GCC_WARN_UNUSED_FUNCTION = YES;
				GCC_WARN_UNUSED_VARIABLE = YES;
				IPHONEOS_DEPLOYMENT_TARGET = 17.4;
				LOCALIZATION_PREFERS_STRING_CATALOGS = YES;
				MTL_ENABLE_DEBUG_INFO = INCLUDE_SOURCE;
				MTL_FAST_MATH = YES;
				ONLY_ACTIVE_ARCH = YES;
				SDKROOT = iphoneos;
				SWIFT_ACTIVE_COMPILATION_CONDITIONS = "DEBUG $(inherited)";
				SWIFT_OPTIMIZATION_LEVEL = "-Onone";
			};
			name = Debug;
		};
		3099A9C72C2DEBFF008BC7AC /* Release */ = {
			isa = XCBuildConfiguration;
			buildSettings = {
				ALWAYS_SEARCH_USER_PATHS = NO;
				ASSETCATALOG_COMPILER_GENERATE_SWIFT_ASSET_SYMBOL_EXTENSIONS = YES;
				CLANG_ANALYZER_NONNULL = YES;
				CLANG_ANALYZER_NUMBER_OBJECT_CONVERSION = YES_AGGRESSIVE;
				CLANG_CXX_LANGUAGE_STANDARD = "gnu++20";
				CLANG_ENABLE_MODULES = YES;
				CLANG_ENABLE_OBJC_ARC = YES;
				CLANG_ENABLE_OBJC_WEAK = YES;
				CLANG_WARN_BLOCK_CAPTURE_AUTORELEASING = YES;
				CLANG_WARN_BOOL_CONVERSION = YES;
				CLANG_WARN_COMMA = YES;
				CLANG_WARN_CONSTANT_CONVERSION = YES;
				CLANG_WARN_DEPRECATED_OBJC_IMPLEMENTATIONS = YES;
				CLANG_WARN_DIRECT_OBJC_ISA_USAGE = YES_ERROR;
				CLANG_WARN_DOCUMENTATION_COMMENTS = YES;
				CLANG_WARN_EMPTY_BODY = YES;
				CLANG_WARN_ENUM_CONVERSION = YES;
				CLANG_WARN_INFINITE_RECURSION = YES;
				CLANG_WARN_INT_CONVERSION = YES;
				CLANG_WARN_NON_LITERAL_NULL_CONVERSION = YES;
				CLANG_WARN_OBJC_IMPLICIT_RETAIN_SELF = YES;
				CLANG_WARN_OBJC_LITERAL_CONVERSION = YES;
				CLANG_WARN_OBJC_ROOT_CLASS = YES_ERROR;
				CLANG_WARN_QUOTED_INCLUDE_IN_FRAMEWORK_HEADER = YES;
				CLANG_WARN_RANGE_LOOP_ANALYSIS = YES;
				CLANG_WARN_STRICT_PROTOTYPES = YES;
				CLANG_WARN_SUSPICIOUS_MOVE = YES;
				CLANG_WARN_UNGUARDED_AVAILABILITY = YES_AGGRESSIVE;
				CLANG_WARN_UNREACHABLE_CODE = YES;
				CLANG_WARN__DUPLICATE_METHOD_MATCH = YES;
				COPY_PHASE_STRIP = NO;
				DEBUG_INFORMATION_FORMAT = "dwarf-with-dsym";
				ENABLE_NS_ASSERTIONS = NO;
				ENABLE_STRICT_OBJC_MSGSEND = YES;
				ENABLE_USER_SCRIPT_SANDBOXING = YES;
				GCC_C_LANGUAGE_STANDARD = gnu17;
				GCC_NO_COMMON_BLOCKS = YES;
				GCC_WARN_64_TO_32_BIT_CONVERSION = YES;
				GCC_WARN_ABOUT_RETURN_TYPE = YES_ERROR;
				GCC_WARN_UNDECLARED_SELECTOR = YES;
				GCC_WARN_UNINITIALIZED_AUTOS = YES_AGGRESSIVE;
				GCC_WARN_UNUSED_FUNCTION = YES;
				GCC_WARN_UNUSED_VARIABLE = YES;
				IPHONEOS_DEPLOYMENT_TARGET = 17.4;
				LOCALIZATION_PREFERS_STRING_CATALOGS = YES;
				MTL_ENABLE_DEBUG_INFO = NO;
				MTL_FAST_MATH = YES;
				SDKROOT = iphoneos;
				SWIFT_COMPILATION_MODE = wholemodule;
				VALIDATE_PRODUCT = YES;
			};
			name = Release;
		};
		3099A9C92C2DEBFF008BC7AC /* Debug */ = {
			isa = XCBuildConfiguration;
			buildSettings = {
				ASSETCATALOG_COMPILER_APPICON_NAME = AppIcon;
				ASSETCATALOG_COMPILER_GLOBAL_ACCENT_COLOR_NAME = AccentColor;
				CODE_SIGN_STYLE = Automatic;
				CURRENT_PROJECT_VERSION = 1;
				DEVELOPMENT_TEAM = AR6AN34RS9;
				GENERATE_INFOPLIST_FILE = YES;
				INFOPLIST_FILE = CorrectLifestyle/Info.plist;
				INFOPLIST_KEY_UIApplicationSupportsIndirectInputEvents = YES;
				INFOPLIST_KEY_UILaunchStoryboardName = LaunchScreen;
				INFOPLIST_KEY_UIMainStoryboardFile = Main;
				INFOPLIST_KEY_UISupportedInterfaceOrientations = UIInterfaceOrientationPortrait;
				INFOPLIST_KEY_UISupportedInterfaceOrientations_iPad = "UIInterfaceOrientationLandscapeLeft UIInterfaceOrientationLandscapeRight UIInterfaceOrientationPortrait UIInterfaceOrientationPortraitUpsideDown";
				IPHONEOS_DEPLOYMENT_TARGET = 15.0;
				LD_RUNPATH_SEARCH_PATHS = (
					"$(inherited)",
					"@executable_path/Frameworks",
				);
				MARKETING_VERSION = 1.0;
				PRODUCT_BUNDLE_IDENTIFIER = home.CorrectLifestyle;
				PRODUCT_NAME = "$(TARGET_NAME)";
				SUPPORTED_PLATFORMS = "iphoneos iphonesimulator";
				SUPPORTS_MACCATALYST = NO;
				SUPPORTS_MAC_DESIGNED_FOR_IPHONE_IPAD = NO;
				SUPPORTS_XR_DESIGNED_FOR_IPHONE_IPAD = NO;
				SWIFT_EMIT_LOC_STRINGS = YES;
				SWIFT_VERSION = 5.0;
				TARGETED_DEVICE_FAMILY = 1;
			};
			name = Debug;
		};
		3099A9CA2C2DEBFF008BC7AC /* Release */ = {
			isa = XCBuildConfiguration;
			buildSettings = {
				ASSETCATALOG_COMPILER_APPICON_NAME = AppIcon;
				ASSETCATALOG_COMPILER_GLOBAL_ACCENT_COLOR_NAME = AccentColor;
				CODE_SIGN_STYLE = Automatic;
				CURRENT_PROJECT_VERSION = 1;
				DEVELOPMENT_TEAM = AR6AN34RS9;
				GENERATE_INFOPLIST_FILE = YES;
				INFOPLIST_FILE = CorrectLifestyle/Info.plist;
				INFOPLIST_KEY_UIApplicationSupportsIndirectInputEvents = YES;
				INFOPLIST_KEY_UILaunchStoryboardName = LaunchScreen;
				INFOPLIST_KEY_UIMainStoryboardFile = Main;
				INFOPLIST_KEY_UISupportedInterfaceOrientations = UIInterfaceOrientationPortrait;
				INFOPLIST_KEY_UISupportedInterfaceOrientations_iPad = "UIInterfaceOrientationLandscapeLeft UIInterfaceOrientationLandscapeRight UIInterfaceOrientationPortrait UIInterfaceOrientationPortraitUpsideDown";
				IPHONEOS_DEPLOYMENT_TARGET = 15.0;
				LD_RUNPATH_SEARCH_PATHS = (
					"$(inherited)",
					"@executable_path/Frameworks",
				);
				MARKETING_VERSION = 1.0;
				PRODUCT_BUNDLE_IDENTIFIER = home.CorrectLifestyle;
				PRODUCT_NAME = "$(TARGET_NAME)";
				SUPPORTED_PLATFORMS = "iphoneos iphonesimulator";
				SUPPORTS_MACCATALYST = NO;
				SUPPORTS_MAC_DESIGNED_FOR_IPHONE_IPAD = NO;
				SUPPORTS_XR_DESIGNED_FOR_IPHONE_IPAD = NO;
				SWIFT_EMIT_LOC_STRINGS = YES;
				SWIFT_VERSION = 5.0;
				TARGETED_DEVICE_FAMILY = 1;
			};
			name = Release;
		};
/* End XCBuildConfiguration section */

/* Begin XCConfigurationList section */
		3099A9AF2C2DEBFE008BC7AC /* Build configuration list for PBXProject "CorrectLifestyle" */ = {
			isa = XCConfigurationList;
			buildConfigurations = (
				3099A9C62C2DEBFF008BC7AC /* Debug */,
				3099A9C72C2DEBFF008BC7AC /* Release */,
			);
			defaultConfigurationIsVisible = 0;
			defaultConfigurationName = Release;
		};
		3099A9C82C2DEBFF008BC7AC /* Build configuration list for PBXNativeTarget "CorrectLifestyle" */ = {
			isa = XCConfigurationList;
			buildConfigurations = (
				3099A9C92C2DEBFF008BC7AC /* Debug */,
				3099A9CA2C2DEBFF008BC7AC /* Release */,
			);
			defaultConfigurationIsVisible = 0;
			defaultConfigurationName = Release;
		};
/* End XCConfigurationList section */

/* Begin XCVersionGroup section */
		3099A9E62C2EE21A008BC7AC /* CorrectLife.xcdatamodeld */ = {
			isa = XCVersionGroup;
			children = (
				3099A9E72C2EE21A008BC7AC /* CorrectLife.xcdatamodel */,
			);
			currentVersion = 3099A9E72C2EE21A008BC7AC /* CorrectLife.xcdatamodel */;
			name = CorrectLife.xcdatamodeld;
			path = /Users/roman/Downloads/XcodeProgramm/CorrectLifestyle/CorrectLifestyle/CoreData/CorrectLife.xcdatamodeld;
			sourceTree = "<group>";
			versionGroupType = wrapper.xcdatamodel;
		};
/* End XCVersionGroup section */
	};
	rootObject = 3099A9AC2C2DEBFE008BC7AC /* Project object */;
}
